
Microsoft Visual Studio Solution File, Format Version 12.00
# Visual Studio Version 16
VisualStudioVersion = 16.0.29409.12
MinimumVisualStudioVersion = 10.0.40219.1
Project("{FAE04EC0-301F-11D3-BF4B-00C04F79EFBC}") = "TestGit", "TestGit\TestGit.csproj", "{60189EFF-6CC9-430E-A701-0BECD8712DAD}"
EndProject
Global
	GlobalSection(SolutionConfigurationPlatforms) = preSolution
		Debug|Any CPU = Debug|Any CPU
		Release|Any CPU = Release|Any CPU
	EndGlobalSection
	GlobalSection(ProjectConfigurationPlatforms) = postSolution
		{60189EFF-6CC9-430E-A701-0BECD8712DAD}.Debug|Any CPU.ActiveCfg = Debug|Any CPU
		{60189EFF-6CC9-430E-A701-0BECD8712DAD}.Debug|Any CPU.Build.0 = Debug|Any CPU
		{60189EFF-6CC9-430E-A701-0BECD8712DAD}.Release|Any CPU.ActiveCfg = Release|Any CPU
		{60189EFF-6CC9-430E-A701-0BECD8712DAD}.Release|Any CPU.Build.0 = Release|Any CPU
	EndGlobalSection
	GlobalSection(SolutionProperties) = preSolution
		HideSolutionNode = FALSE
	EndGlobalSection
	GlobalSection(ExtensibilityGlobals) = postSolution
		SolutionGuid = {39E5CC80-E974-40B8-B684-DB4D25CA3B6C}
	EndGlobalSection
EndGlobal
